
Microsoft Visual Studio Solution File, Format Version 12.00
# Visual Studio Version 17
VisualStudioVersion = 17.10.34916.146
MinimumVisualStudioVersion = 10.0.40219.1
Project("{FAE04EC0-301F-11D3-BF4B-00C04F79EFBC}") = "HW_SP_1.5", "HW_SP_1.5.csproj", "{D8FFA7AF-4666-4918-AA89-3BDB80A792F6}"
EndProject
Global
	GlobalSection(SolutionConfigurationPlatforms) = preSolution
		Debug|Any CPU = Debug|Any CPU
		Release|Any CPU = Release|Any CPU
	EndGlobalSection
	GlobalSection(ProjectConfigurationPlatforms) = postSolution
		{D8FFA7AF-4666-4918-AA89-3BDB80A792F6}.Debug|Any CPU.ActiveCfg = Debug|Any CPU
		{D8FFA7AF-4666-4918-AA89-3BDB80A792F6}.Debug|Any CPU.Build.0 = Debug|Any CPU
		{D8FFA7AF-4666-4918-AA89-3BDB80A792F6}.Release|Any CPU.ActiveCfg = Release|Any CPU
		{D8FFA7AF-4666-4918-AA89-3BDB80A792F6}.Release|Any CPU.Build.0 = Release|Any CPU
	EndGlobalSection
	GlobalSection(SolutionProperties) = preSolution
		HideSolutionNode = FALSE
	EndGlobalSection
	GlobalSection(ExtensibilityGlobals) = postSolution
		SolutionGuid = {F2658721-FAB9-4F33-B03B-B1DD599E660B}
	EndGlobalSection
EndGlobal
